
Microsoft Visual Studio Solution File, Format Version 12.00
# Visual Studio 15
VisualStudioVersion = 15.0.27428.2011
MinimumVisualStudioVersion = 10.0.40219.1
Project("{FAE04EC0-301F-11D3-BF4B-00C04F79EFBC}") = "WPILibInstaller", "WPILibInstaller\WPILibInstaller.csproj", "{393350C6-4346-41E6-8AE5-939574E45578}"
EndProject
Project("{FAE04EC0-301F-11D3-BF4B-00C04F79EFBC}") = "MavenMetaDataFixer", "MavenMetaDataFixer\MavenMetaDataFixer.csproj", "{5DF64580-2663-4C90-A9A5-41BE928BC23D}"
EndProject
Project("{FAE04EC0-301F-11D3-BF4B-00C04F79EFBC}") = "ToolsUpdater", "ToolsUpdater\ToolsUpdater.csproj", "{FF3FDED3-740C-42F5-8E2F-621E5B749064}"
EndProject
Project("{FAE04EC0-301F-11D3-BF4B-00C04F79EFBC}") = "SharedCode", "SharedCode\SharedCode.csproj", "{1E86F096-9B7D-44EA-ACDB-6F2A3FC10154}"
EndProject
Global
	GlobalSection(SolutionConfigurationPlatforms) = preSolution
		Debug|Any CPU = Debug|Any CPU
		Debug|Linux = Debug|Linux
		Debug|Mac = Debug|Mac
		Release|Any CPU = Release|Any CPU
		Release|Linux = Release|Linux
		Release|Mac = Release|Mac
	EndGlobalSection
	GlobalSection(ProjectConfigurationPlatforms) = postSolution
		{393350C6-4346-41E6-8AE5-939574E45578}.Debug|Any CPU.ActiveCfg = Debug|Any CPU
		{393350C6-4346-41E6-8AE5-939574E45578}.Debug|Any CPU.Build.0 = Debug|Any CPU
		{393350C6-4346-41E6-8AE5-939574E45578}.Debug|Linux.ActiveCfg = Debug|Linux
		{393350C6-4346-41E6-8AE5-939574E45578}.Debug|Linux.Build.0 = Debug|Linux
		{393350C6-4346-41E6-8AE5-939574E45578}.Debug|Mac.ActiveCfg = Debug|Mac
		{393350C6-4346-41E6-8AE5-939574E45578}.Debug|Mac.Build.0 = Debug|Mac
		{393350C6-4346-41E6-8AE5-939574E45578}.Release|Any CPU.ActiveCfg = Release|Any CPU
		{393350C6-4346-41E6-8AE5-939574E45578}.Release|Any CPU.Build.0 = Release|Any CPU
		{393350C6-4346-41E6-8AE5-939574E45578}.Release|Linux.ActiveCfg = Release|Linux
		{393350C6-4346-41E6-8AE5-939574E45578}.Release|Linux.Build.0 = Release|Linux
		{393350C6-4346-41E6-8AE5-939574E45578}.Release|Mac.ActiveCfg = Release|Mac
		{393350C6-4346-41E6-8AE5-939574E45578}.Release|Mac.Build.0 = Release|Mac
		{5DF64580-2663-4C90-A9A5-41BE928BC23D}.Debug|Any CPU.ActiveCfg = Debug|Any CPU
		{5DF64580-2663-4C90-A9A5-41BE928BC23D}.Debug|Any CPU.Build.0 = Debug|Any CPU
		{5DF64580-2663-4C90-A9A5-41BE928BC23D}.Debug|Linux.ActiveCfg = Debug|Any CPU
		{5DF64580-2663-4C90-A9A5-41BE928BC23D}.Debug|Linux.Build.0 = Debug|Any CPU
		{5DF64580-2663-4C90-A9A5-41BE928BC23D}.Debug|Mac.ActiveCfg = Debug|Any CPU
		{5DF64580-2663-4C90-A9A5-41BE928BC23D}.Debug|Mac.Build.0 = Debug|Any CPU
		{5DF64580-2663-4C90-A9A5-41BE928BC23D}.Release|Any CPU.ActiveCfg = Release|Any CPU
		{5DF64580-2663-4C90-A9A5-41BE928BC23D}.Release|Any CPU.Build.0 = Release|Any CPU
		{5DF64580-2663-4C90-A9A5-41BE928BC23D}.Release|Linux.ActiveCfg = Release|Any CPU
		{5DF64580-2663-4C90-A9A5-41BE928BC23D}.Release|Linux.Build.0 = Release|Any CPU
		{5DF64580-2663-4C90-A9A5-41BE928BC23D}.Release|Mac.ActiveCfg = Release|Any CPU
		{5DF64580-2663-4C90-A9A5-41BE928BC23D}.Release|Mac.Build.0 = Release|Any CPU
		{FF3FDED3-740C-42F5-8E2F-621E5B749064}.Debug|Any CPU.ActiveCfg = Debug|Any CPU
		{FF3FDED3-740C-42F5-8E2F-621E5B749064}.Debug|Any CPU.Build.0 = Debug|Any CPU
		{FF3FDED3-740C-42F5-8E2F-621E5B749064}.Debug|Linux.ActiveCfg = Debug|Linux
		{FF3FDED3-740C-42F5-8E2F-621E5B749064}.Debug|Linux.Build.0 = Debug|Linux
		{FF3FDED3-740C-42F5-8E2F-621E5B749064}.Debug|Mac.ActiveCfg = Debug|Mac
		{FF3FDED3-740C-42F5-8E2F-621E5B749064}.Debug|Mac.Build.0 = Debug|Mac
		{FF3FDED3-740C-42F5-8E2F-621E5B749064}.Release|Any CPU.ActiveCfg = Release|Any CPU
		{FF3FDED3-740C-42F5-8E2F-621E5B749064}.Release|Any CPU.Build.0 = Release|Any CPU
		{FF3FDED3-740C-42F5-8E2F-621E5B749064}.Release|Linux.ActiveCfg = Release|Linux
		{FF3FDED3-740C-42F5-8E2F-621E5B749064}.Release|Linux.Build.0 = Release|Linux
		{FF3FDED3-740C-42F5-8E2F-621E5B749064}.Release|Mac.ActiveCfg = Release|Mac
		{FF3FDED3-740C-42F5-8E2F-621E5B749064}.Release|Mac.Build.0 = Release|Mac
		{1E86F096-9B7D-44EA-ACDB-6F2A3FC10154}.Debug|Any CPU.ActiveCfg = Debug|Any CPU
		{1E86F096-9B7D-44EA-ACDB-6F2A3FC10154}.Debug|Any CPU.Build.0 = Debug|Any CPU
		{1E86F096-9B7D-44EA-ACDB-6F2A3FC10154}.Debug|Linux.ActiveCfg = Debug|Any CPU
		{1E86F096-9B7D-44EA-ACDB-6F2A3FC10154}.Debug|Linux.Build.0 = Debug|Any CPU
		{1E86F096-9B7D-44EA-ACDB-6F2A3FC10154}.Debug|Mac.ActiveCfg = Debug|Any CPU
		{1E86F096-9B7D-44EA-ACDB-6F2A3FC10154}.Debug|Mac.Build.0 = Debug|Any CPU
		{1E86F096-9B7D-44EA-ACDB-6F2A3FC10154}.Release|Any CPU.ActiveCfg = Release|Any CPU
		{1E86F096-9B7D-44EA-ACDB-6F2A3FC10154}.Release|Any CPU.Build.0 = Release|Any CPU
		{1E86F096-9B7D-44EA-ACDB-6F2A3FC10154}.Release|Linux.ActiveCfg = Release|Any CPU
		{1E86F096-9B7D-44EA-ACDB-6F2A3FC10154}.Release|Linux.Build.0 = Release|Any CPU
		{1E86F096-9B7D-44EA-ACDB-6F2A3FC10154}.Release|Mac.ActiveCfg = Release|Any CPU
		{1E86F096-9B7D-44EA-ACDB-6F2A3FC10154}.Release|Mac.Build.0 = Release|Any CPU
	EndGlobalSection
	GlobalSection(SolutionProperties) = preSolution
		HideSolutionNode = FALSE
	EndGlobalSection
	GlobalSection(ExtensibilityGlobals) = postSolution
		SolutionGuid = {172626B9-E3E3-43D6-8026-5A9994AF2C08}
	EndGlobalSection
EndGlobal
